
Microsoft Visual Studio Solution File, Format Version 12.00
# Visual Studio 15
VisualStudioVersion = 15.0.28307.852
MinimumVisualStudioVersion = 10.0.40219.1
Project("{FAE04EC0-301F-11D3-BF4B-00C04F79EFBC}") = "WikipediaUniDAW", "WikipediaUniDAW\WikipediaUniDAW.csproj", "{EC23BD20-0BE5-4F76-AD30-E3B723115DCF}"
EndProject
Global
	GlobalSection(SolutionConfigurationPlatforms) = preSolution
		Debug|Any CPU = Debug|Any CPU
		Release|Any CPU = Release|Any CPU
	EndGlobalSection
	GlobalSection(ProjectConfigurationPlatforms) = postSolution
		{EC23BD20-0BE5-4F76-AD30-E3B723115DCF}.Debug|Any CPU.ActiveCfg = Debug|Any CPU
		{EC23BD20-0BE5-4F76-AD30-E3B723115DCF}.Debug|Any CPU.Build.0 = Debug|Any CPU
		{EC23BD20-0BE5-4F76-AD30-E3B723115DCF}.Release|Any CPU.ActiveCfg = Release|Any CPU
		{EC23BD20-0BE5-4F76-AD30-E3B723115DCF}.Release|Any CPU.Build.0 = Release|Any CPU
	EndGlobalSection
	GlobalSection(SolutionProperties) = preSolution
		HideSolutionNode = FALSE
	EndGlobalSection
	GlobalSection(ExtensibilityGlobals) = postSolution
		SolutionGuid = {8A4F7A13-10E4-4AE8-8A40-27724756D543}
	EndGlobalSection
EndGlobal
